
Microsoft Visual Studio Solution File, Format Version 12.00
# Visual Studio Version 16
VisualStudioVersion = 16.0.31424.327
MinimumVisualStudioVersion = 10.0.40219.1
Project("{FAE04EC0-301F-11D3-BF4B-00C04F79EFBC}") = "CHIPLUS_Minimal_Player", "CHIPLUS_Minimal_Player.csproj", "{BC8F0DBB-248B-4965-89B6-F968DB033543}"
EndProject
Global
	GlobalSection(SolutionConfigurationPlatforms) = preSolution
		Debug|Any CPU = Debug|Any CPU
		Release|Any CPU = Release|Any CPU
	EndGlobalSection
	GlobalSection(ProjectConfigurationPlatforms) = postSolution
		{BC8F0DBB-248B-4965-89B6-F968DB033543}.Debug|Any CPU.ActiveCfg = Debug|Any CPU
		{BC8F0DBB-248B-4965-89B6-F968DB033543}.Debug|Any CPU.Build.0 = Debug|Any CPU
		{BC8F0DBB-248B-4965-89B6-F968DB033543}.Release|Any CPU.ActiveCfg = Release|Any CPU
		{BC8F0DBB-248B-4965-89B6-F968DB033543}.Release|Any CPU.Build.0 = Release|Any CPU
	EndGlobalSection
	GlobalSection(SolutionProperties) = preSolution
		HideSolutionNode = FALSE
	EndGlobalSection
	GlobalSection(ExtensibilityGlobals) = postSolution
		SolutionGuid = {F6C81BF2-7BC0-4CD6-B557-BD5DF2B0D3D0}
	EndGlobalSection
EndGlobal
